// !$*UTF8*$!
{
	archiveVersion = 1;
	classes = {
	};
	objectVersion = 56;
	objects = {

/* Begin PBXBuildFile section */
		374B00E82AEFB16500BF1D75 /* Tko.mp3 in Resources */ = {isa = PBXBuildFile; fileRef = 374B00E22AEFB16500BF1D75 /* Tko.mp3 */; };
		374B00E92AEFB16500BF1D75 /* My_Love.mp3 in Resources */ = {isa = PBXBuildFile; fileRef = 374B00E32AEFB16500BF1D75 /* My_Love.mp3 */; };
		374B00EA2AEFB16500BF1D75 /* Dead_And_Gone.mp3 in Resources */ = {isa = PBXBuildFile; fileRef = 374B00E42AEFB16500BF1D75 /* Dead_And_Gone.mp3 */; };
		374B00EB2AEFB16500BF1D75 /* My_Love in Resources */ = {isa = PBXBuildFile; fileRef = 374B00E52AEFB16500BF1D75 /* My_Love */; };
		374B00EC2AEFB16500BF1D75 /* Dead_And_Gone in Resources */ = {isa = PBXBuildFile; fileRef = 374B00E62AEFB16500BF1D75 /* Dead_And_Gone */; };
		374B00ED2AEFB16500BF1D75 /* Tko in Resources */ = {isa = PBXBuildFile; fileRef = 374B00E72AEFB16500BF1D75 /* Tko */; };
		374B00EF2AEFB1C000BF1D75 /* WelcomePageVC+PhotoPickerControllerDelegate.swift in Sources */ = {isa = PBXBuildFile; fileRef = 374B00EE2AEFB1C000BF1D75 /* WelcomePageVC+PhotoPickerControllerDelegate.swift */; };
		374B00F12AEFB1CF00BF1D75 /* WelcomePageVC+EditorVCDelegate.swift in Sources */ = {isa = PBXBuildFile; fileRef = 374B00F02AEFB1CF00BF1D75 /* WelcomePageVC+EditorVCDelegate.swift */; };
		374B00F82AEFB1EE00BF1D75 /* ImageFilter.swift in Sources */ = {isa = PBXBuildFile; fileRef = 374B00F32AEFB1ED00BF1D75 /* ImageFilter.swift */; };
		374B00F92AEFB1EE00BF1D75 /* Tools.swift in Sources */ = {isa = PBXBuildFile; fileRef = 374B00F42AEFB1ED00BF1D75 /* Tools.swift */; };
		374B00FA2AEFB1EE00BF1D75 /* GPUImageBeautifyFilter.m in Sources */ = {isa = PBXBuildFile; fileRef = 374B00F52AEFB1EE00BF1D75 /* GPUImageBeautifyFilter.m */; };
		37C93FFA2AED06CB00310F1A /* AppDelegate.swift in Sources */ = {isa = PBXBuildFile; fileRef = 37C93FF92AED06CB00310F1A /* AppDelegate.swift */; };
		37C93FFC2AED06CB00310F1A /* SceneDelegate.swift in Sources */ = {isa = PBXBuildFile; fileRef = 37C93FFB2AED06CB00310F1A /* SceneDelegate.swift */; };
		37C93FFE2AED06CB00310F1A /* WelcomePageVC.swift in Sources */ = {isa = PBXBuildFile; fileRef = 37C93FFD2AED06CB00310F1A /* WelcomePageVC.swift */; };
		37C940032AED06CC00310F1A /* Assets.xcassets in Resources */ = {isa = PBXBuildFile; fileRef = 37C940022AED06CC00310F1A /* Assets.xcassets */; };
		37C940062AED06CC00310F1A /* LaunchScreen.storyboard in Resources */ = {isa = PBXBuildFile; fileRef = 37C940042AED06CC00310F1A /* LaunchScreen.storyboard */; };
		37C940162AED0BB200310F1A /* UIColor+Extension.swift in Sources */ = {isa = PBXBuildFile; fileRef = 37C940132AED0BB200310F1A /* UIColor+Extension.swift */; };
		37C940172AED0BB200310F1A /* UIImage+Extension.swift in Sources */ = {isa = PBXBuildFile; fileRef = 37C940142AED0BB200310F1A /* UIImage+Extension.swift */; };
		37C940182AED0BB200310F1A /* String+Extension.swift in Sources */ = {isa = PBXBuildFile; fileRef = 37C940152AED0BB200310F1A /* String+Extension.swift */; };
		AA8CCED6BFEAE7BFB169A4DE /* Pods_VideoEditor.framework in Frameworks */ = {isa = PBXBuildFile; fileRef = 122355149942D27D382AB007 /* Pods_VideoEditor.framework */; };
/* End PBXBuildFile section */

/* Begin PBXFileReference section */
		122355149942D27D382AB007 /* Pods_VideoEditor.framework */ = {isa = PBXFileReference; explicitFileType = wrapper.framework; includeInIndex = 0; path = Pods_VideoEditor.framework; sourceTree = BUILT_PRODUCTS_DIR; };
		374B00E22AEFB16500BF1D75 /* Tko.mp3 */ = {isa = PBXFileReference; lastKnownFileType = audio.mp3; path = Tko.mp3; sourceTree = "<group>"; };
		374B00E32AEFB16500BF1D75 /* My_Love.mp3 */ = {isa = PBXFileReference; lastKnownFileType = audio.mp3; path = My_Love.mp3; sourceTree = "<group>"; };
		374B00E42AEFB16500BF1D75 /* Dead_And_Gone.mp3 */ = {isa = PBXFileReference; lastKnownFileType = audio.mp3; path = Dead_And_Gone.mp3; sourceTree = "<group>"; };
		374B00E52AEFB16500BF1D75 /* My_Love */ = {isa = PBXFileReference; fileEncoding = 4; lastKnownFileType = text; path = My_Love; sourceTree = "<group>"; };
		374B00E62AEFB16500BF1D75 /* Dead_And_Gone */ = {isa = PBXFileReference; fileEncoding = 4; lastKnownFileType = text; path = Dead_And_Gone; sourceTree = "<group>"; };
		374B00E72AEFB16500BF1D75 /* Tko */ = {isa = PBXFileReference; fileEncoding = 4; lastKnownFileType = text; path = Tko; sourceTree = "<group>"; };
		374B00EE2AEFB1C000BF1D75 /* WelcomePageVC+PhotoPickerControllerDelegate.swift */ = {isa = PBXFileReference; lastKnownFileType = sourcecode.swift; path = "WelcomePageVC+PhotoPickerControllerDelegate.swift"; sourceTree = "<group>"; };
		374B00F02AEFB1CF00BF1D75 /* WelcomePageVC+EditorVCDelegate.swift */ = {isa = PBXFileReference; lastKnownFileType = sourcecode.swift; path = "WelcomePageVC+EditorVCDelegate.swift"; sourceTree = "<group>"; };
		374B00F22AEFB1ED00BF1D75 /* VideoEditor-Bridging-Header.h */ = {isa = PBXFileReference; lastKnownFileType = sourcecode.c.h; path = "VideoEditor-Bridging-Header.h"; sourceTree = "<group>"; };
		374B00F32AEFB1ED00BF1D75 /* ImageFilter.swift */ = {isa = PBXFileReference; fileEncoding = 4; lastKnownFileType = sourcecode.swift; path = ImageFilter.swift; sourceTree = "<group>"; };
		374B00F42AEFB1ED00BF1D75 /* Tools.swift */ = {isa = PBXFileReference; fileEncoding = 4; lastKnownFileType = sourcecode.swift; path = Tools.swift; sourceTree = "<group>"; };
		374B00F52AEFB1EE00BF1D75 /* GPUImageBeautifyFilter.m */ = {isa = PBXFileReference; fileEncoding = 4; lastKnownFileType = sourcecode.c.objc; path = GPUImageBeautifyFilter.m; sourceTree = "<group>"; };
		374B00F62AEFB1EE00BF1D75 /* GPUImageBeautifyFilter.h */ = {isa = PBXFileReference; fileEncoding = 4; lastKnownFileType = sourcecode.c.h; path = GPUImageBeautifyFilter.h; sourceTree = "<group>"; };
		37C93FF62AED06CB00310F1A /* VideoEditor.app */ = {isa = PBXFileReference; explicitFileType = wrapper.application; includeInIndex = 0; path = VideoEditor.app; sourceTree = BUILT_PRODUCTS_DIR; };
		37C93FF92AED06CB00310F1A /* AppDelegate.swift */ = {isa = PBXFileReference; lastKnownFileType = sourcecode.swift; path = AppDelegate.swift; sourceTree = "<group>"; };
		37C93FFB2AED06CB00310F1A /* SceneDelegate.swift */ = {isa = PBXFileReference; lastKnownFileType = sourcecode.swift; path = SceneDelegate.swift; sourceTree = "<group>"; };
		37C93FFD2AED06CB00310F1A /* WelcomePageVC.swift */ = {isa = PBXFileReference; lastKnownFileType = sourcecode.swift; path = WelcomePageVC.swift; sourceTree = "<group>"; };
		37C940022AED06CC00310F1A /* Assets.xcassets */ = {isa = PBXFileReference; lastKnownFileType = folder.assetcatalog; path = Assets.xcassets; sourceTree = "<group>"; };
		37C940052AED06CC00310F1A /* Base */ = {isa = PBXFileReference; lastKnownFileType = file.storyboard; name = Base; path = Base.lproj/LaunchScreen.storyboard; sourceTree = "<group>"; };
		37C940072AED06CC00310F1A /* Info.plist */ = {isa = PBXFileReference; lastKnownFileType = text.plist.xml; path = Info.plist; sourceTree = "<group>"; };
		37C940132AED0BB200310F1A /* UIColor+Extension.swift */ = {isa = PBXFileReference; fileEncoding = 4; lastKnownFileType = sourcecode.swift; path = "UIColor+Extension.swift"; sourceTree = "<group>"; };
		37C940142AED0BB200310F1A /* UIImage+Extension.swift */ = {isa = PBXFileReference; fileEncoding = 4; lastKnownFileType = sourcecode.swift; path = "UIImage+Extension.swift"; sourceTree = "<group>"; };
		37C940152AED0BB200310F1A /* String+Extension.swift */ = {isa = PBXFileReference; fileEncoding = 4; lastKnownFileType = sourcecode.swift; path = "String+Extension.swift"; sourceTree = "<group>"; };
		78DFAC24EFCE7869DAA0257E /* Pods-VideoEditor.debug.xcconfig */ = {isa = PBXFileReference; includeInIndex = 1; lastKnownFileType = text.xcconfig; name = "Pods-VideoEditor.debug.xcconfig"; path = "Target Support Files/Pods-VideoEditor/Pods-VideoEditor.debug.xcconfig"; sourceTree = "<group>"; };
		99A404F60426489B7AE6B2AC /* Pods-VideoEditor.release.xcconfig */ = {isa = PBXFileReference; includeInIndex = 1; lastKnownFileType = text.xcconfig; name = "Pods-VideoEditor.release.xcconfig"; path = "Target Support Files/Pods-VideoEditor/Pods-VideoEditor.release.xcconfig"; sourceTree = "<group>"; };
/* End PBXFileReference section */

/* Begin PBXFrameworksBuildPhase section */
		37C93FF32AED06CB00310F1A /* Frameworks */ = {
			isa = PBXFrameworksBuildPhase;
			buildActionMask = 2147483647;
			files = (
				AA8CCED6BFEAE7BFB169A4DE /* Pods_VideoEditor.framework in Frameworks */,
			);
			runOnlyForDeploymentPostprocessing = 0;
		};
/* End PBXFrameworksBuildPhase section */

/* Begin PBXGroup section */
		2673593CDC07AD9E57F9D159 /* Frameworks */ = {
			isa = PBXGroup;
			children = (
				122355149942D27D382AB007 /* Pods_VideoEditor.framework */,
			);
			name = Frameworks;
			sourceTree = "<group>";
		};
		374B00E12AEFB16500BF1D75 /* Musics */ = {
			isa = PBXGroup;
			children = (
				374B00E22AEFB16500BF1D75 /* Tko.mp3 */,
				374B00E32AEFB16500BF1D75 /* My_Love.mp3 */,
				374B00E42AEFB16500BF1D75 /* Dead_And_Gone.mp3 */,
				374B00E52AEFB16500BF1D75 /* My_Love */,
				374B00E62AEFB16500BF1D75 /* Dead_And_Gone */,
				374B00E72AEFB16500BF1D75 /* Tko */,
			);
			path = Musics;
			sourceTree = "<group>";
		};
		37C93FED2AED06CB00310F1A = {
			isa = PBXGroup;
			children = (
				37C93FF82AED06CB00310F1A /* VideoEditor */,
				37C93FF72AED06CB00310F1A /* Products */,
				6F584D9C7DE06E080FA9DF61 /* Pods */,
				2673593CDC07AD9E57F9D159 /* Frameworks */,
			);
			sourceTree = "<group>";
		};
		37C93FF72AED06CB00310F1A /* Products */ = {
			isa = PBXGroup;
			children = (
				37C93FF62AED06CB00310F1A /* VideoEditor.app */,
			);
			name = Products;
			sourceTree = "<group>";
		};
		37C93FF82AED06CB00310F1A /* VideoEditor */ = {
			isa = PBXGroup;
			children = (
				37C940122AED0B6900310F1A /* Controller */,
				37C940102AED0B6000310F1A /* Model */,
				37C9400F2AED0B5800310F1A /* Extension */,
				37C9400D2AED0AA500310F1A /* Main */,
				37C9400E2AED0AB100310F1A /* Resources */,
			);
			path = VideoEditor;
			sourceTree = "<group>";
		};
		37C9400D2AED0AA500310F1A /* Main */ = {
			isa = PBXGroup;
			children = (
				37C93FF92AED06CB00310F1A /* AppDelegate.swift */,
				37C93FFB2AED06CB00310F1A /* SceneDelegate.swift */,
				37C940072AED06CC00310F1A /* Info.plist */,
			);
			path = Main;
			sourceTree = "<group>";
		};
		37C9400E2AED0AB100310F1A /* Resources */ = {
			isa = PBXGroup;
			children = (
				374B00E12AEFB16500BF1D75 /* Musics */,
				37C940022AED06CC00310F1A /* Assets.xcassets */,
				37C940042AED06CC00310F1A /* LaunchScreen.storyboard */,
			);
			path = Resources;
			sourceTree = "<group>";
		};
		37C9400F2AED0B5800310F1A /* Extension */ = {
			isa = PBXGroup;
			children = (
				37C940152AED0BB200310F1A /* String+Extension.swift */,
				37C940132AED0BB200310F1A /* UIColor+Extension.swift */,
				37C940142AED0BB200310F1A /* UIImage+Extension.swift */,
			);
			path = Extension;
			sourceTree = "<group>";
		};
		37C940102AED0B6000310F1A /* Model */ = {
			isa = PBXGroup;
			children = (
				374B00F62AEFB1EE00BF1D75 /* GPUImageBeautifyFilter.h */,
				374B00F52AEFB1EE00BF1D75 /* GPUImageBeautifyFilter.m */,
				374B00F32AEFB1ED00BF1D75 /* ImageFilter.swift */,
				374B00F42AEFB1ED00BF1D75 /* Tools.swift */,
				374B00F22AEFB1ED00BF1D75 /* VideoEditor-Bridging-Header.h */,
			);
			path = Model;
			sourceTree = "<group>";
		};
		37C940122AED0B6900310F1A /* Controller */ = {
			isa = PBXGroup;
			children = (
				37C93FFD2AED06CB00310F1A /* WelcomePageVC.swift */,
				374B00EE2AEFB1C000BF1D75 /* WelcomePageVC+PhotoPickerControllerDelegate.swift */,
				374B00F02AEFB1CF00BF1D75 /* WelcomePageVC+EditorVCDelegate.swift */,
			);
			path = Controller;
			sourceTree = "<group>";
		};
		6F584D9C7DE06E080FA9DF61 /* Pods */ = {
			isa = PBXGroup;
			children = (
				78DFAC24EFCE7869DAA0257E /* Pods-VideoEditor.debug.xcconfig */,
				99A404F60426489B7AE6B2AC /* Pods-VideoEditor.release.xcconfig */,
			);
			path = Pods;
			sourceTree = "<group>";
		};
/* End PBXGroup section */

/* Begin PBXNativeTarget section */
		37C93FF52AED06CB00310F1A /* VideoEditor */ = {
			isa = PBXNativeTarget;
			buildConfigurationList = 37C9400A2AED06CC00310F1A /* Build configuration list for PBXNativeTarget "VideoEditor" */;
			buildPhases = (
				2D469A1D9153DCAED2846636 /* [CP] Check Pods Manifest.lock */,
				37C93FF22AED06CB00310F1A /* Sources */,
				37C93FF32AED06CB00310F1A /* Frameworks */,
				37C93FF42AED06CB00310F1A /* Resources */,
				F9CDC59CBFB09B64BEFF178E /* [CP] Embed Pods Frameworks */,
			);
			buildRules = (
			);
			dependencies = (
			);
			name = VideoEditor;
			productName = VideoEditor;
			productReference = 37C93FF62AED06CB00310F1A /* VideoEditor.app */;
			productType = "com.apple.product-type.application";
		};
/* End PBXNativeTarget section */

/* Begin PBXProject section */
		37C93FEE2AED06CB00310F1A /* Project object */ = {
			isa = PBXProject;
			attributes = {
				BuildIndependentTargetsInParallel = 1;
				LastSwiftUpdateCheck = 1500;
				LastUpgradeCheck = 1500;
				TargetAttributes = {
					37C93FF52AED06CB00310F1A = {
						CreatedOnToolsVersion = 15.0.1;
						LastSwiftMigration = 1500;
					};
				};
			};
			buildConfigurationList = 37C93FF12AED06CB00310F1A /* Build configuration list for PBXProject "VideoEditor" */;
			compatibilityVersion = "Xcode 14.0";
			developmentRegion = en;
			hasScannedForEncodings = 0;
			knownRegions = (
				en,
				Base,
			);
			mainGroup = 37C93FED2AED06CB00310F1A;
			productRefGroup = 37C93FF72AED06CB00310F1A /* Products */;
			projectDirPath = "";
			projectRoot = "";
			targets = (
				37C93FF52AED06CB00310F1A /* VideoEditor */,
			);
		};
/* End PBXProject section */

/* Begin PBXResourcesBuildPhase section */
		37C93FF42AED06CB00310F1A /* Resources */ = {
			isa = PBXResourcesBuildPhase;
			buildActionMask = 2147483647;
			files = (
				374B00EB2AEFB16500BF1D75 /* My_Love in Resources */,
				374B00ED2AEFB16500BF1D75 /* Tko in Resources */,
				374B00E92AEFB16500BF1D75 /* My_Love.mp3 in Resources */,
				374B00EC2AEFB16500BF1D75 /* Dead_And_Gone in Resources */,
				374B00E82AEFB16500BF1D75 /* Tko.mp3 in Resources */,
				374B00EA2AEFB16500BF1D75 /* Dead_And_Gone.mp3 in Resources */,
				37C940062AED06CC00310F1A /* LaunchScreen.storyboard in Resources */,
				37C940032AED06CC00310F1A /* Assets.xcassets in Resources */,
			);
			runOnlyForDeploymentPostprocessing = 0;
		};
/* End PBXResourcesBuildPhase section */

/* Begin PBXShellScriptBuildPhase section */
		2D469A1D9153DCAED2846636 /* [CP] Check Pods Manifest.lock */ = {
			isa = PBXShellScriptBuildPhase;
			buildActionMask = 2147483647;
			files = (
			);
			inputFileListPaths = (
			);
			inputPaths = (
				"${PODS_PODFILE_DIR_PATH}/Podfile.lock",
				"${PODS_ROOT}/Manifest.lock",
			);
			name = "[CP] Check Pods Manifest.lock";
			outputFileListPaths = (
			);
			outputPaths = (
				"$(DERIVED_FILE_DIR)/Pods-VideoEditor-checkManifestLockResult.txt",
			);
			runOnlyForDeploymentPostprocessing = 0;
			shellPath = /bin/sh;
			shellScript = "diff \"${PODS_PODFILE_DIR_PATH}/Podfile.lock\" \"${PODS_ROOT}/Manifest.lock\" > /dev/null\nif [ $? != 0 ] ; then\n    # print error to STDERR\n    echo \"error: The sandbox is not in sync with the Podfile.lock. Run 'pod install' or update your CocoaPods installation.\" >&2\n    exit 1\nfi\n# This output is used by Xcode 'outputs' to avoid re-running this script phase.\necho \"SUCCESS\" > \"${SCRIPT_OUTPUT_FILE_0}\"\n";
			showEnvVarsInLog = 0;
		};
		F9CDC59CBFB09B64BEFF178E /* [CP] Embed Pods Frameworks */ = {
			isa = PBXShellScriptBuildPhase;
			buildActionMask = 2147483647;
			files = (
			);
			inputFileListPaths = (
				"${PODS_ROOT}/Target Support Files/Pods-VideoEditor/Pods-VideoEditor-frameworks-${CONFIGURATION}-input-files.xcfilelist",
			);
			name = "[CP] Embed Pods Frameworks";
			outputFileListPaths = (
				"${PODS_ROOT}/Target Support Files/Pods-VideoEditor/Pods-VideoEditor-frameworks-${CONFIGURATION}-output-files.xcfilelist",
			);
			runOnlyForDeploymentPostprocessing = 0;
			shellPath = /bin/sh;
			shellScript = "\"${PODS_ROOT}/Target Support Files/Pods-VideoEditor/Pods-VideoEditor-frameworks.sh\"\n";
			showEnvVarsInLog = 0;
		};
/* End PBXShellScriptBuildPhase section */

/* Begin PBXSourcesBuildPhase section */
		37C93FF22AED06CB00310F1A /* Sources */ = {
			isa = PBXSourcesBuildPhase;
			buildActionMask = 2147483647;
			files = (
				374B00F82AEFB1EE00BF1D75 /* ImageFilter.swift in Sources */,
				37C93FFE2AED06CB00310F1A /* WelcomePageVC.swift in Sources */,
				37C93FFA2AED06CB00310F1A /* AppDelegate.swift in Sources */,
				374B00EF2AEFB1C000BF1D75 /* WelcomePageVC+PhotoPickerControllerDelegate.swift in Sources */,
				37C940172AED0BB200310F1A /* UIImage+Extension.swift in Sources */,
				37C93FFC2AED06CB00310F1A /* SceneDelegate.swift in Sources */,
				374B00FA2AEFB1EE00BF1D75 /* GPUImageBeautifyFilter.m in Sources */,
				37C940182AED0BB200310F1A /* String+Extension.swift in Sources */,
				37C940162AED0BB200310F1A /* UIColor+Extension.swift in Sources */,
				374B00F12AEFB1CF00BF1D75 /* WelcomePageVC+EditorVCDelegate.swift in Sources */,
				374B00F92AEFB1EE00BF1D75 /* Tools.swift in Sources */,
			);
			runOnlyForDeploymentPostprocessing = 0;
		};
/* End PBXSourcesBuildPhase section */

/* Begin PBXVariantGroup section */
		37C940042AED06CC00310F1A /* LaunchScreen.storyboard */ = {
			isa = PBXVariantGroup;
			children = (
				37C940052AED06CC00310F1A /* Base */,
			);
			name = LaunchScreen.storyboard;
			sourceTree = "<group>";
		};
/* End PBXVariantGroup section */

/* Begin XCBuildConfiguration section */
		37C940082AED06CC00310F1A /* Debug */ = {
			isa = XCBuildConfiguration;
			buildSettings = {
				ALWAYS_SEARCH_USER_PATHS = NO;
				ASSETCATALOG_COMPILER_GENERATE_SWIFT_ASSET_SYMBOL_EXTENSIONS = YES;
				CLANG_ANALYZER_NONNULL = YES;
				CLANG_ANALYZER_NUMBER_OBJECT_CONVERSION = YES_AGGRESSIVE;
				CLANG_CXX_LANGUAGE_STANDARD = "gnu++20";
				CLANG_ENABLE_MODULES = YES;
				CLANG_ENABLE_OBJC_ARC = YES;
				CLANG_ENABLE_OBJC_WEAK = YES;
				CLANG_WARN_BLOCK_CAPTURE_AUTORELEASING = YES;
				CLANG_WARN_BOOL_CONVERSION = YES;
				CLANG_WARN_COMMA = YES;
				CLANG_WARN_CONSTANT_CONVERSION = YES;
				CLANG_WARN_DEPRECATED_OBJC_IMPLEMENTATIONS = YES;
				CLANG_WARN_DIRECT_OBJC_ISA_USAGE = YES_ERROR;
				CLANG_WARN_DOCUMENTATION_COMMENTS = YES;
				CLANG_WARN_EMPTY_BODY = YES;
				CLANG_WARN_ENUM_CONVERSION = YES;
				CLANG_WARN_INFINITE_RECURSION = YES;
				CLANG_WARN_INT_CONVERSION = YES;
				CLANG_WARN_NON_LITERAL_NULL_CONVERSION = YES;
				CLANG_WARN_OBJC_IMPLICIT_RETAIN_SELF = YES;
				CLANG_WARN_OBJC_LITERAL_CONVERSION = YES;
				CLANG_WARN_OBJC_ROOT_CLASS = YES_ERROR;
				CLANG_WARN_QUOTED_INCLUDE_IN_FRAMEWORK_HEADER = YES;
				CLANG_WARN_RANGE_LOOP_ANALYSIS = YES;
				CLANG_WARN_STRICT_PROTOTYPES = YES;
				CLANG_WARN_SUSPICIOUS_MOVE = YES;
				CLANG_WARN_UNGUARDED_AVAILABILITY = YES_AGGRESSIVE;
				CLANG_WARN_UNREACHABLE_CODE = YES;
				CLANG_WARN__DUPLICATE_METHOD_MATCH = YES;
				COPY_PHASE_STRIP = NO;
				DEBUG_INFORMATION_FORMAT = dwarf;
				ENABLE_STRICT_OBJC_MSGSEND = YES;
				ENABLE_TESTABILITY = YES;
				ENABLE_USER_SCRIPT_SANDBOXING = YES;
				GCC_C_LANGUAGE_STANDARD = gnu17;
				GCC_DYNAMIC_NO_PIC = NO;
				GCC_NO_COMMON_BLOCKS = YES;
				GCC_OPTIMIZATION_LEVEL = 0;
				GCC_PREPROCESSOR_DEFINITIONS = (
					"DEBUG=1",
					"$(inherited)",
				);
				GCC_WARN_64_TO_32_BIT_CONVERSION = YES;
				GCC_WARN_ABOUT_RETURN_TYPE = YES_ERROR;
				GCC_WARN_UNDECLARED_SELECTOR = YES;
				GCC_WARN_UNINITIALIZED_AUTOS = YES_AGGRESSIVE;
				GCC_WARN_UNUSED_FUNCTION = YES;
				GCC_WARN_UNUSED_VARIABLE = YES;
				IPHONEOS_DEPLOYMENT_TARGET = 17.0;
				LOCALIZATION_PREFERS_STRING_CATALOGS = YES;
				MTL_ENABLE_DEBUG_INFO = INCLUDE_SOURCE;
				MTL_FAST_MATH = YES;
				ONLY_ACTIVE_ARCH = YES;
				SDKROOT = iphoneos;
				SWIFT_ACTIVE_COMPILATION_CONDITIONS = "DEBUG $(inherited)";
				SWIFT_OPTIMIZATION_LEVEL = "-Onone";
			};
			name = Debug;
		};
		37C940092AED06CC00310F1A /* Release */ = {
			isa = XCBuildConfiguration;
			buildSettings = {
				ALWAYS_SEARCH_USER_PATHS = NO;
				ASSETCATALOG_COMPILER_GENERATE_SWIFT_ASSET_SYMBOL_EXTENSIONS = YES;
				CLANG_ANALYZER_NONNULL = YES;
				CLANG_ANALYZER_NUMBER_OBJECT_CONVERSION = YES_AGGRESSIVE;
				CLANG_CXX_LANGUAGE_STANDARD = "gnu++20";
				CLANG_ENABLE_MODULES = YES;
				CLANG_ENABLE_OBJC_ARC = YES;
				CLANG_ENABLE_OBJC_WEAK = YES;
				CLANG_WARN_BLOCK_CAPTURE_AUTORELEASING = YES;
				CLANG_WARN_BOOL_CONVERSION = YES;
				CLANG_WARN_COMMA = YES;
				CLANG_WARN_CONSTANT_CONVERSION = YES;
				CLANG_WARN_DEPRECATED_OBJC_IMPLEMENTATIONS = YES;
				CLANG_WARN_DIRECT_OBJC_ISA_USAGE = YES_ERROR;
				CLANG_WARN_DOCUMENTATION_COMMENTS = YES;
				CLANG_WARN_EMPTY_BODY = YES;
				CLANG_WARN_ENUM_CONVERSION = YES;
				CLANG_WARN_INFINITE_RECURSION = YES;
				CLANG_WARN_INT_CONVERSION = YES;
				CLANG_WARN_NON_LITERAL_NULL_CONVERSION = YES;
				CLANG_WARN_OBJC_IMPLICIT_RETAIN_SELF = YES;
				CLANG_WARN_OBJC_LITERAL_CONVERSION = YES;
				CLANG_WARN_OBJC_ROOT_CLASS = YES_ERROR;
				CLANG_WARN_QUOTED_INCLUDE_IN_FRAMEWORK_HEADER = YES;
				CLANG_WARN_RANGE_LOOP_ANALYSIS = YES;
				CLANG_WARN_STRICT_PROTOTYPES = YES;
				CLANG_WARN_SUSPICIOUS_MOVE = YES;
				CLANG_WARN_UNGUARDED_AVAILABILITY = YES_AGGRESSIVE;
				CLANG_WARN_UNREACHABLE_CODE = YES;
				CLANG_WARN__DUPLICATE_METHOD_MATCH = YES;
				COPY_PHASE_STRIP = NO;
				DEBUG_INFORMATION_FORMAT = "dwarf-with-dsym";
				ENABLE_NS_ASSERTIONS = NO;
				ENABLE_STRICT_OBJC_MSGSEND = YES;
				ENABLE_USER_SCRIPT_SANDBOXING = YES;
				GCC_C_LANGUAGE_STANDARD = gnu17;
				GCC_NO_COMMON_BLOCKS = YES;
				GCC_WARN_64_TO_32_BIT_CONVERSION = YES;
				GCC_WARN_ABOUT_RETURN_TYPE = YES_ERROR;
				GCC_WARN_UNDECLARED_SELECTOR = YES;
				GCC_WARN_UNINITIALIZED_AUTOS = YES_AGGRESSIVE;
				GCC_WARN_UNUSED_FUNCTION = YES;
				GCC_WARN_UNUSED_VARIABLE = YES;
				IPHONEOS_DEPLOYMENT_TARGET = 17.0;
				LOCALIZATION_PREFERS_STRING_CATALOGS = YES;
				MTL_ENABLE_DEBUG_INFO = NO;
				MTL_FAST_MATH = YES;
				SDKROOT = iphoneos;
				SWIFT_COMPILATION_MODE = wholemodule;
				VALIDATE_PRODUCT = YES;
			};
			name = Release;
		};
		37C9400B2AED06CC00310F1A /* Debug */ = {
			isa = XCBuildConfiguration;
			baseConfigurationReference = 78DFAC24EFCE7869DAA0257E /* Pods-VideoEditor.debug.xcconfig */;
			buildSettings = {
				ASSETCATALOG_COMPILER_APPICON_NAME = AppIcon;
				ASSETCATALOG_COMPILER_GLOBAL_ACCENT_COLOR_NAME = AccentColor;
				CLANG_ENABLE_MODULES = YES;
				CODE_SIGN_STYLE = Automatic;
				CURRENT_PROJECT_VERSION = 1;
				DEVELOPMENT_TEAM = 22N7PMQ9W6;
				ENABLE_USER_SCRIPT_SANDBOXING = NO;
				GENERATE_INFOPLIST_FILE = YES;
				INFOPLIST_FILE = VideoEditor/Main/Info.plist;
				INFOPLIST_KEY_LSApplicationCategoryType = "Application supports indirect input events";
				INFOPLIST_KEY_NSCameraUsageDescription = "Allow camera";
				INFOPLIST_KEY_NSMicrophoneUsageDescription = "Allow microphone";
				INFOPLIST_KEY_NSPhotoLibraryAddUsageDescription = "Allow to save pictures to album";
				INFOPLIST_KEY_NSPhotoLibraryUsageDescription = "Allow access to album";
				INFOPLIST_KEY_UIApplicationSupportsIndirectInputEvents = YES;
				INFOPLIST_KEY_UILaunchStoryboardName = LaunchScreen;
				INFOPLIST_KEY_UISupportedInterfaceOrientations_iPad = "UIInterfaceOrientationPortrait UIInterfaceOrientationPortraitUpsideDown UIInterfaceOrientationLandscapeLeft UIInterfaceOrientationLandscapeRight";
				INFOPLIST_KEY_UISupportedInterfaceOrientations_iPhone = "UIInterfaceOrientationPortrait UIInterfaceOrientationLandscapeLeft UIInterfaceOrientationLandscapeRight";
				IPHONEOS_DEPLOYMENT_TARGET = 12.0;
				LD_RUNPATH_SEARCH_PATHS = (
					"$(inherited)",
					"@executable_path/Frameworks",
				);
				MARKETING_VERSION = 1.0;
				PRODUCT_BUNDLE_IDENTIFIER = kz.VideoEditor;
				PRODUCT_NAME = "$(TARGET_NAME)";
				SWIFT_EMIT_LOC_STRINGS = YES;
				SWIFT_OBJC_BRIDGING_HEADER = "VideoEditor/Model/VideoEditor-Bridging-Header.h";
				SWIFT_OPTIMIZATION_LEVEL = "-Onone";
				SWIFT_VERSION = 5.0;
				TARGETED_DEVICE_FAMILY = "1,2";
			};
			name = Debug;
		};
		37C9400C2AED06CC00310F1A /* Release */ = {
			isa = XCBuildConfiguration;
			baseConfigurationReference = 99A404F60426489B7AE6B2AC /* Pods-VideoEditor.release.xcconfig */;
			buildSettings = {
				ASSETCATALOG_COMPILER_APPICON_NAME = AppIcon;
				ASSETCATALOG_COMPILER_GLOBAL_ACCENT_COLOR_NAME = AccentColor;
				CLANG_ENABLE_MODULES = YES;
				CODE_SIGN_STYLE = Automatic;
				CURRENT_PROJECT_VERSION = 1;
				DEVELOPMENT_TEAM = 22N7PMQ9W6;
				ENABLE_USER_SCRIPT_SANDBOXING = NO;
				GENERATE_INFOPLIST_FILE = YES;
				INFOPLIST_FILE = VideoEditor/Main/Info.plist;
				INFOPLIST_KEY_LSApplicationCategoryType = "Application supports indirect input events";
				INFOPLIST_KEY_NSCameraUsageDescription = "Allow camera";
				INFOPLIST_KEY_NSMicrophoneUsageDescription = "Allow microphone";
				INFOPLIST_KEY_NSPhotoLibraryAddUsageDescription = "Allow to save pictures to album";
				INFOPLIST_KEY_NSPhotoLibraryUsageDescription = "Allow access to album";
				INFOPLIST_KEY_UIApplicationSupportsIndirectInputEvents = YES;
				INFOPLIST_KEY_UILaunchStoryboardName = LaunchScreen;
				INFOPLIST_KEY_UISupportedInterfaceOrientations_iPad = "UIInterfaceOrientationPortrait UIInterfaceOrientationPortraitUpsideDown UIInterfaceOrientationLandscapeLeft UIInterfaceOrientationLandscapeRight";
				INFOPLIST_KEY_UISupportedInterfaceOrientations_iPhone = "UIInterfaceOrientationPortrait UIInterfaceOrientationLandscapeLeft UIInterfaceOrientationLandscapeRight";
				IPHONEOS_DEPLOYMENT_TARGET = 12.0;
				LD_RUNPATH_SEARCH_PATHS = (
					"$(inherited)",
					"@executable_path/Frameworks",
				);
				MARKETING_VERSION = 1.0;
				PRODUCT_BUNDLE_IDENTIFIER = kz.VideoEditor;
				PRODUCT_NAME = "$(TARGET_NAME)";
				SWIFT_EMIT_LOC_STRINGS = YES;
				SWIFT_OBJC_BRIDGING_HEADER = "VideoEditor/Model/VideoEditor-Bridging-Header.h";
				SWIFT_VERSION = 5.0;
				TARGETED_DEVICE_FAMILY = "1,2";
			};
			name = Release;
		};
/* End XCBuildConfiguration section */

/* Begin XCConfigurationList section */
		37C93FF12AED06CB00310F1A /* Build configuration list for PBXProject "VideoEditor" */ = {
			isa = XCConfigurationList;
			buildConfigurations = (
				37C940082AED06CC00310F1A /* Debug */,
				37C940092AED06CC00310F1A /* Release */,
			);
			defaultConfigurationIsVisible = 0;
			defaultConfigurationName = Release;
		};
		37C9400A2AED06CC00310F1A /* Build configuration list for PBXNativeTarget "VideoEditor" */ = {
			isa = XCConfigurationList;
			buildConfigurations = (
				37C9400B2AED06CC00310F1A /* Debug */,
				37C9400C2AED06CC00310F1A /* Release */,
			);
			defaultConfigurationIsVisible = 0;
			defaultConfigurationName = Release;
		};
/* End XCConfigurationList section */
	};
	rootObject = 37C93FEE2AED06CB00310F1A /* Project object */;
}
